
Microsoft Visual Studio Solution File, Format Version 12.00
# Visual Studio Version 16
VisualStudioVersion = 16.0.31624.102
MinimumVisualStudioVersion = 10.0.40219.1
Project("{FAE04EC0-301F-11D3-BF4B-00C04F79EFBC}") = "Flutter_Hello_World_DB", "Flutter_Hello_World_DB.csproj", "{0E1106B8-6641-4015-ADF2-C178494E6404}"
EndProject
Global
	GlobalSection(SolutionConfigurationPlatforms) = preSolution
		Debug|Any CPU = Debug|Any CPU
		Release|Any CPU = Release|Any CPU
	EndGlobalSection
	GlobalSection(ProjectConfigurationPlatforms) = postSolution
		{0E1106B8-6641-4015-ADF2-C178494E6404}.Debug|Any CPU.ActiveCfg = Debug|Any CPU
		{0E1106B8-6641-4015-ADF2-C178494E6404}.Debug|Any CPU.Build.0 = Debug|Any CPU
		{0E1106B8-6641-4015-ADF2-C178494E6404}.Release|Any CPU.ActiveCfg = Release|Any CPU
		{0E1106B8-6641-4015-ADF2-C178494E6404}.Release|Any CPU.Build.0 = Release|Any CPU
	EndGlobalSection
	GlobalSection(SolutionProperties) = preSolution
		HideSolutionNode = FALSE
	EndGlobalSection
	GlobalSection(ExtensibilityGlobals) = postSolution
		SolutionGuid = {D13460CF-57BB-48C3-914A-29F9645AC9B3}
	EndGlobalSection
EndGlobal
